
Microsoft Visual Studio Solution File, Format Version 12.00
# Visual Studio 15
VisualStudioVersion = 15.0.28010.2046
MinimumVisualStudioVersion = 10.0.40219.1
Project("{FAE04EC0-301F-11D3-BF4B-00C04F79EFBC}") = "System.Windows.Forms.Ribbon35", "System.Windows.Forms.Ribbon\System.Windows.Forms.Ribbon35.csproj", "{06C3AD4B-01D4-4376-9902-224017A3627C}"
EndProject
Project("{FAE04EC0-301F-11D3-BF4B-00C04F79EFBC}") = "LabFramework02", "LabFramework02\LabFramework02.csproj", "{2356D5C6-C2E9-4E1C-9A19-CCC992EBEAE9}"
EndProject
Global
	GlobalSection(SolutionConfigurationPlatforms) = preSolution
		Debug|Any CPU = Debug|Any CPU
		Release|Any CPU = Release|Any CPU
	EndGlobalSection
	GlobalSection(ProjectConfigurationPlatforms) = postSolution
		{06C3AD4B-01D4-4376-9902-224017A3627C}.Debug|Any CPU.ActiveCfg = Debug|Any CPU
		{06C3AD4B-01D4-4376-9902-224017A3627C}.Debug|Any CPU.Build.0 = Debug|Any CPU
		{06C3AD4B-01D4-4376-9902-224017A3627C}.Release|Any CPU.ActiveCfg = Release|Any CPU
		{06C3AD4B-01D4-4376-9902-224017A3627C}.Release|Any CPU.Build.0 = Release|Any CPU
		{2356D5C6-C2E9-4E1C-9A19-CCC992EBEAE9}.Debug|Any CPU.ActiveCfg = Debug|Any CPU
		{2356D5C6-C2E9-4E1C-9A19-CCC992EBEAE9}.Debug|Any CPU.Build.0 = Debug|Any CPU
		{2356D5C6-C2E9-4E1C-9A19-CCC992EBEAE9}.Release|Any CPU.ActiveCfg = Release|Any CPU
		{2356D5C6-C2E9-4E1C-9A19-CCC992EBEAE9}.Release|Any CPU.Build.0 = Release|Any CPU
	EndGlobalSection
	GlobalSection(SolutionProperties) = preSolution
		HideSolutionNode = FALSE
	EndGlobalSection
	GlobalSection(ExtensibilityGlobals) = postSolution
		SolutionGuid = {92025B0B-12BF-4684-8202-20038FCEC729}
	EndGlobalSection
EndGlobal
